
Microsoft Visual Studio Solution File, Format Version 12.00
# Visual Studio Version 16
VisualStudioVersion = 16.0.31005.135
MinimumVisualStudioVersion = 10.0.40219.1
Project("{9A19103F-16F7-4668-BE54-9A1E7A4F7556}") = "ItauPasswordChallenge.API", "ItauPasswordChallenge.API\ItauPasswordChallenge.API.csproj", "{A9B86B44-64FB-4402-83F9-50AAC9801CD6}"
EndProject
Project("{FAE04EC0-301F-11D3-BF4B-00C04F79EFBC}") = "ItauPasswordChallenge.Test", "ItauPasswordChallenge.Test\ItauPasswordChallenge.Test.csproj", "{D021A4E3-329C-4DC5-804D-A5CEDE6BAB40}"
EndProject
Project("{FAE04EC0-301F-11D3-BF4B-00C04F79EFBC}") = "ItauPasswordChallenge.Core", "ItauPasswordChallenge.Core\ItauPasswordChallenge.Core.csproj", "{48212E7C-98E1-4B1C-B15B-438078D7DA26}"
EndProject
Project("{FAE04EC0-301F-11D3-BF4B-00C04F79EFBC}") = "ItauPasswordChallenge.Infrastructure", "ItauPasswordChallenge.Infrastructure\ItauPasswordChallenge.Infrastructure.csproj", "{06347DAC-8933-4BA6-8995-2BE6B94CAEF7}"
EndProject
Global
	GlobalSection(SolutionConfigurationPlatforms) = preSolution
		Debug|Any CPU = Debug|Any CPU
		Release|Any CPU = Release|Any CPU
	EndGlobalSection
	GlobalSection(ProjectConfigurationPlatforms) = postSolution
		{A9B86B44-64FB-4402-83F9-50AAC9801CD6}.Debug|Any CPU.ActiveCfg = Debug|Any CPU
		{A9B86B44-64FB-4402-83F9-50AAC9801CD6}.Debug|Any CPU.Build.0 = Debug|Any CPU
		{A9B86B44-64FB-4402-83F9-50AAC9801CD6}.Release|Any CPU.ActiveCfg = Release|Any CPU
		{A9B86B44-64FB-4402-83F9-50AAC9801CD6}.Release|Any CPU.Build.0 = Release|Any CPU
		{D021A4E3-329C-4DC5-804D-A5CEDE6BAB40}.Debug|Any CPU.ActiveCfg = Debug|Any CPU
		{D021A4E3-329C-4DC5-804D-A5CEDE6BAB40}.Debug|Any CPU.Build.0 = Debug|Any CPU
		{D021A4E3-329C-4DC5-804D-A5CEDE6BAB40}.Release|Any CPU.ActiveCfg = Release|Any CPU
		{D021A4E3-329C-4DC5-804D-A5CEDE6BAB40}.Release|Any CPU.Build.0 = Release|Any CPU
		{48212E7C-98E1-4B1C-B15B-438078D7DA26}.Debug|Any CPU.ActiveCfg = Debug|Any CPU
		{48212E7C-98E1-4B1C-B15B-438078D7DA26}.Debug|Any CPU.Build.0 = Debug|Any CPU
		{48212E7C-98E1-4B1C-B15B-438078D7DA26}.Release|Any CPU.ActiveCfg = Release|Any CPU
		{48212E7C-98E1-4B1C-B15B-438078D7DA26}.Release|Any CPU.Build.0 = Release|Any CPU
		{06347DAC-8933-4BA6-8995-2BE6B94CAEF7}.Debug|Any CPU.ActiveCfg = Debug|Any CPU
		{06347DAC-8933-4BA6-8995-2BE6B94CAEF7}.Debug|Any CPU.Build.0 = Debug|Any CPU
		{06347DAC-8933-4BA6-8995-2BE6B94CAEF7}.Release|Any CPU.ActiveCfg = Release|Any CPU
		{06347DAC-8933-4BA6-8995-2BE6B94CAEF7}.Release|Any CPU.Build.0 = Release|Any CPU
	EndGlobalSection
	GlobalSection(SolutionProperties) = preSolution
		HideSolutionNode = FALSE
	EndGlobalSection
	GlobalSection(ExtensibilityGlobals) = postSolution
		SolutionGuid = {83B5FD2F-2E04-4A5C-B29B-888D1B032790}
	EndGlobalSection
EndGlobal
